
Microsoft Visual Studio Solution File, Format Version 12.00
# Visual Studio Version 16
VisualStudioVersion = 16.0.30907.101
MinimumVisualStudioVersion = 10.0.40219.1
Project("{FAE04EC0-301F-11D3-BF4B-00C04F79EFBC}") = "Mayúsculas", "Mayúsculas.csproj", "{AAFEC469-11A9-42A3-9863-ACF46F048C2A}"
EndProject
Global
	GlobalSection(SolutionConfigurationPlatforms) = preSolution
		Debug|Any CPU = Debug|Any CPU
		Release|Any CPU = Release|Any CPU
	EndGlobalSection
	GlobalSection(ProjectConfigurationPlatforms) = postSolution
		{AAFEC469-11A9-42A3-9863-ACF46F048C2A}.Debug|Any CPU.ActiveCfg = Debug|Any CPU
		{AAFEC469-11A9-42A3-9863-ACF46F048C2A}.Debug|Any CPU.Build.0 = Debug|Any CPU
		{AAFEC469-11A9-42A3-9863-ACF46F048C2A}.Release|Any CPU.ActiveCfg = Release|Any CPU
		{AAFEC469-11A9-42A3-9863-ACF46F048C2A}.Release|Any CPU.Build.0 = Release|Any CPU
	EndGlobalSection
	GlobalSection(SolutionProperties) = preSolution
		HideSolutionNode = FALSE
	EndGlobalSection
	GlobalSection(ExtensibilityGlobals) = postSolution
		SolutionGuid = {7F62D837-687A-4542-8BCA-98337DA031AD}
	EndGlobalSection
EndGlobal
