
Microsoft Visual Studio Solution File, Format Version 12.00
# Visual Studio Version 16
VisualStudioVersion = 16.0.30907.101
MinimumVisualStudioVersion = 10.0.40219.1
Project("{FAE04EC0-301F-11D3-BF4B-00C04F79EFBC}") = "NumeroPrimo", "NumeroPrimo.csproj", "{FA2512D3-F92F-498A-B4A7-969CA59FB40A}"
EndProject
Global
	GlobalSection(SolutionConfigurationPlatforms) = preSolution
		Debug|Any CPU = Debug|Any CPU
		Release|Any CPU = Release|Any CPU
	EndGlobalSection
	GlobalSection(ProjectConfigurationPlatforms) = postSolution
		{FA2512D3-F92F-498A-B4A7-969CA59FB40A}.Debug|Any CPU.ActiveCfg = Debug|Any CPU
		{FA2512D3-F92F-498A-B4A7-969CA59FB40A}.Debug|Any CPU.Build.0 = Debug|Any CPU
		{FA2512D3-F92F-498A-B4A7-969CA59FB40A}.Release|Any CPU.ActiveCfg = Release|Any CPU
		{FA2512D3-F92F-498A-B4A7-969CA59FB40A}.Release|Any CPU.Build.0 = Release|Any CPU
	EndGlobalSection
	GlobalSection(SolutionProperties) = preSolution
		HideSolutionNode = FALSE
	EndGlobalSection
	GlobalSection(ExtensibilityGlobals) = postSolution
		SolutionGuid = {20C99E1F-5397-4DD0-8CF0-35F4B84E0FD6}
	EndGlobalSection
EndGlobal
